
Microsoft Visual Studio Solution File, Format Version 12.00
# Visual Studio 15
VisualStudioVersion = 15.0.27703.2026
MinimumVisualStudioVersion = 10.0.40219.1
Project("{FAE04EC0-301F-11D3-BF4B-00C04F79EFBC}") = "SustainabilityTools", "SustainabilityTools\SustainabilityTools.csproj", "{DA54BEE6-C2D0-4759-8839-BAFCDEFFE94E}"
EndProject
Global
	GlobalSection(SolutionConfigurationPlatforms) = preSolution
		Debug|Any CPU = Debug|Any CPU
		Release|Any CPU = Release|Any CPU
	EndGlobalSection
	GlobalSection(ProjectConfigurationPlatforms) = postSolution
		{DA54BEE6-C2D0-4759-8839-BAFCDEFFE94E}.Debug|Any CPU.ActiveCfg = Debug|Any CPU
		{DA54BEE6-C2D0-4759-8839-BAFCDEFFE94E}.Debug|Any CPU.Build.0 = Debug|Any CPU
		{DA54BEE6-C2D0-4759-8839-BAFCDEFFE94E}.Release|Any CPU.ActiveCfg = Release|Any CPU
		{DA54BEE6-C2D0-4759-8839-BAFCDEFFE94E}.Release|Any CPU.Build.0 = Release|Any CPU
	EndGlobalSection
	GlobalSection(SolutionProperties) = preSolution
		HideSolutionNode = FALSE
	EndGlobalSection
	GlobalSection(ExtensibilityGlobals) = postSolution
		SolutionGuid = {C5FB4883-7C40-43E7-9B04-15B052735681}
	EndGlobalSection
EndGlobal
